{
	"name": "pixelartdrawer",
	"version": "1.0.0",
	"lockfileVersion": 2,
	"requires": true,
	"packages": {
		"": {
			"name": "pixelartdrawer",
			"version": "1.0.0",
			"license": "ISC",
			"dependencies": {
				"@types/matter-js": "^0.18.2",
				"typescript": "^4.7.4"
			}
		},
		"node_modules/@types/matter-js": {
			"version": "0.18.2",
			"resolved": "https://registry.npmjs.org/@types/matter-js/-/matter-js-0.18.2.tgz",
			"integrity": "sha512-W9UC9DOPNBRTUocqqPZmzX3cbHmlZBI9jLn6SuxZz0n5QrPk382Ig3hbBWHqYU8TRUmTCJJhuanXeyMTavF7Mg=="
		},
		"node_modules/typescript": {
			"version": "4.8.3",
			"resolved": "https://registry.npmjs.org/typescript/-/typescript-4.8.3.tgz",
			"integrity": "sha512-goMHfm00nWPa8UvR/CPSvykqf6dVV8x/dp0c5mFTMTIu0u0FlGWRioyy7Nn0PGAdHxpJZnuO/ut+PpQ8UiHAig==",
			"bin": {
				"tsc": "bin/tsc",
				"tsserver": "bin/tsserver"
			},
			"engines": {
				"node": ">=4.2.0"
			}
		}
	},
	"dependencies": {
		"@types/matter-js": {
			"version": "0.18.2",
			"resolved": "https://registry.npmjs.org/@types/matter-js/-/matter-js-0.18.2.tgz",
			"integrity": "sha512-W9UC9DOPNBRTUocqqPZmzX3cbHmlZBI9jLn6SuxZz0n5QrPk382Ig3hbBWHqYU8TRUmTCJJhuanXeyMTavF7Mg=="
		},
		"typescript": {
			"version": "4.8.3",
			"resolved": "https://registry.npmjs.org/typescript/-/typescript-4.8.3.tgz",
			"integrity": "sha512-goMHfm00nWPa8UvR/CPSvykqf6dVV8x/dp0c5mFTMTIu0u0FlGWRioyy7Nn0PGAdHxpJZnuO/ut+PpQ8UiHAig=="
		}
	}
}
